PODS:
  - Alamofire (4.2.0)
  - AlamofireImage (3.2.0):
    - Alamofire (~> 4.1)
  - ChameleonFramework/Default (2.1.0)
  - ChameleonFramework/Swift (2.1.0):
    - ChameleonFramework/Default
  - Locksmith (3.0.0)
  - Marshal (1.0.0)
  - SVProgressHUD (2.0.4)

DEPENDENCIES:
  - Alamofire (~> 4.2.0)
  - AlamofireImage (~> 3.2.0)
  - ChameleonFramework/Swift (from `https://github.com/ViccAlexander/Chameleon.git`)
  - Locksmith (~> 3.0.0)
  - Marshal (~> 1.0.0)
  - SVProgressHUD (~> 2.0.4)

EXTERNAL SOURCES:
  ChameleonFramework:
    :git: https://github.com/ViccAlexander/Chameleon.git

CHECKOUT OPTIONS:
  ChameleonFramework:
    :commit: dcf98f9bf3a632a7f40679b7da46f09681e48526
    :git: https://github.com/ViccAlexander/Chameleon.git

SPEC CHECKSUMS:
  Alamofire: aa2e09d871c9160ac53c90e83c68064a94e3dfbe
  AlamofireImage: 157ed682cc81d3b9db4fb90c1f12180ac552d93b
  ChameleonFramework: d21a3cc247abfe5e37609a283a8238b03575cf64
  Locksmith: 310b4cc5031af5728bf4db5d4de547a5100c6a3b
  Marshal: a3c5c5dbd388112edf3cdabb718f2b4cfe48658a
  SVProgressHUD: bfde85ed6c573ea802b9cb37894ed9b629034f1b

PODFILE CHECKSUM: a51024f520ebe41b572412a5b33fdf942680db94

COCOAPODS: 1.2.1
